
Microsoft Visual Studio Solution File, Format Version 12.00
# Visual Studio Version 17
VisualStudioVersion = 17.8.34309.116
MinimumVisualStudioVersion = 10.0.40219.1
Project("{FAE04EC0-301F-11D3-BF4B-00C04F79EFBC}") = "KeyGenerator", "KeyGenerator\KeyGenerator.csproj", "{A1F719DF-ADA7-4BEC-88DC-3AE193B0F36D}"
EndProject
Project("{FAE04EC0-301F-11D3-BF4B-00C04F79EFBC}") = "TestsKeyGenerator", "TestsKeyGenerator\TestsKeyGenerator.csproj", "{9B6F9C8E-E2A3-4201-8273-4A61752DB70D}"
EndProject
Global
	GlobalSection(SolutionConfigurationPlatforms) = preSolution
		Debug|Any CPU = Debug|Any CPU
		Release|Any CPU = Release|Any CPU
	EndGlobalSection
	GlobalSection(ProjectConfigurationPlatforms) = postSolution
		{A1F719DF-ADA7-4BEC-88DC-3AE193B0F36D}.Debug|Any CPU.ActiveCfg = Debug|Any CPU
		{A1F719DF-ADA7-4BEC-88DC-3AE193B0F36D}.Debug|Any CPU.Build.0 = Debug|Any CPU
		{A1F719DF-ADA7-4BEC-88DC-3AE193B0F36D}.Release|Any CPU.ActiveCfg = Release|Any CPU
		{A1F719DF-ADA7-4BEC-88DC-3AE193B0F36D}.Release|Any CPU.Build.0 = Release|Any CPU
		{9B6F9C8E-E2A3-4201-8273-4A61752DB70D}.Debug|Any CPU.ActiveCfg = Debug|Any CPU
		{9B6F9C8E-E2A3-4201-8273-4A61752DB70D}.Debug|Any CPU.Build.0 = Debug|Any CPU
		{9B6F9C8E-E2A3-4201-8273-4A61752DB70D}.Release|Any CPU.ActiveCfg = Release|Any CPU
		{9B6F9C8E-E2A3-4201-8273-4A61752DB70D}.Release|Any CPU.Build.0 = Release|Any CPU
	EndGlobalSection
	GlobalSection(SolutionProperties) = preSolution
		HideSolutionNode = FALSE
	EndGlobalSection
	GlobalSection(ExtensibilityGlobals) = postSolution
		SolutionGuid = {0E61E7C7-79AF-4C1C-8EBB-04D2C0B4F500}
	EndGlobalSection
EndGlobal
